
Microsoft Visual Studio Solution File, Format Version 12.00
# Visual Studio Version 17
VisualStudioVersion = 17.8.34330.188
MinimumVisualStudioVersion = 10.0.40219.1
Project("{FAE04EC0-301F-11D3-BF4B-00C04F79EFBC}") = "ListaDeCarros", "ListaDeCarros.csproj", "{39412A6E-BA33-45AC-987C-A1EAC25A4689}"
EndProject
Global
	GlobalSection(SolutionConfigurationPlatforms) = preSolution
		Debug|Any CPU = Debug|Any CPU
		Release|Any CPU = Release|Any CPU
	EndGlobalSection
	GlobalSection(ProjectConfigurationPlatforms) = postSolution
		{39412A6E-BA33-45AC-987C-A1EAC25A4689}.Debug|Any CPU.ActiveCfg = Debug|Any CPU
		{39412A6E-BA33-45AC-987C-A1EAC25A4689}.Debug|Any CPU.Build.0 = Debug|Any CPU
		{39412A6E-BA33-45AC-987C-A1EAC25A4689}.Release|Any CPU.ActiveCfg = Release|Any CPU
		{39412A6E-BA33-45AC-987C-A1EAC25A4689}.Release|Any CPU.Build.0 = Release|Any CPU
	EndGlobalSection
	GlobalSection(SolutionProperties) = preSolution
		HideSolutionNode = FALSE
	EndGlobalSection
	GlobalSection(ExtensibilityGlobals) = postSolution
		SolutionGuid = {12E12ADD-AB1C-4633-B6D4-5A39803DD278}
	EndGlobalSection
EndGlobal
